
Microsoft Visual Studio Solution File, Format Version 12.00
# Visual Studio Version 17
VisualStudioVersion = 17.13.35825.156 d17.13
MinimumVisualStudioVersion = 10.0.40219.1
Project("{FAE04EC0-301F-11D3-BF4B-00C04F79EFBC}") = "ProjectForBacis", "ProjectForBacis.csproj", "{5116C3AD-0345-4F7A-8202-1B67D5450F64}"
EndProject
Global
	GlobalSection(SolutionConfigurationPlatforms) = preSolution
		Debug|Any CPU = Debug|Any CPU
		Release|Any CPU = Release|Any CPU
	EndGlobalSection
	GlobalSection(ProjectConfigurationPlatforms) = postSolution
		{5116C3AD-0345-4F7A-8202-1B67D5450F64}.Debug|Any CPU.ActiveCfg = Debug|Any CPU
		{5116C3AD-0345-4F7A-8202-1B67D5450F64}.Debug|Any CPU.Build.0 = Debug|Any CPU
		{5116C3AD-0345-4F7A-8202-1B67D5450F64}.Release|Any CPU.ActiveCfg = Release|Any CPU
		{5116C3AD-0345-4F7A-8202-1B67D5450F64}.Release|Any CPU.Build.0 = Release|Any CPU
	EndGlobalSection
	GlobalSection(SolutionProperties) = preSolution
		HideSolutionNode = FALSE
	EndGlobalSection
	GlobalSection(ExtensibilityGlobals) = postSolution
		SolutionGuid = {52997F78-1A29-4744-A72F-52FE70022FEB}
	EndGlobalSection
EndGlobal
